// !$*UTF8*$!
{
	archiveVersion = 1;
	classes = {
	};
	objectVersion = 48;
	objects = {

/* Begin PBXBuildFile section */
		758248DD20BBF46400138B6E /* AppDelegate.m in Sources */ = {isa = PBXBuildFile; fileRef = 758248DC20BBF46400138B6E /* AppDelegate.m */; };
		758248E320BBF46400138B6E /* Main.storyboard in Resources */ = {isa = PBXBuildFile; fileRef = 758248E120BBF46400138B6E /* Main.storyboard */; };
		758248E520BBF46400138B6E /* Assets.xcassets in Resources */ = {isa = PBXBuildFile; fileRef = 758248E420BBF46400138B6E /* Assets.xcassets */; };
		758248E820BBF46400138B6E /* LaunchScreen.storyboard in Resources */ = {isa = PBXBuildFile; fileRef = 758248E620BBF46400138B6E /* LaunchScreen.storyboard */; };
		758248EB20BBF46400138B6E /* main.m in Sources */ = {isa = PBXBuildFile; fileRef = 758248EA20BBF46400138B6E /* main.m */; };
		758248F320BBF64B00138B6E /* TableViewController.m in Sources */ = {isa = PBXBuildFile; fileRef = 758248F220BBF64B00138B6E /* TableViewController.m */; };
		758248F620BBF72D00138B6E /* GooView.m in Sources */ = {isa = PBXBuildFile; fileRef = 758248F520BBF72D00138B6E /* GooView.m */; };
		758248FD20BBFEB700138B6E /* GooTableViewCell.m in Sources */ = {isa = PBXBuildFile; fileRef = 758248FB20BBFEB700138B6E /* GooTableViewCell.m */; };
		758248FE20BBFEB700138B6E /* GooTableViewCell.xib in Resources */ = {isa = PBXBuildFile; fileRef = 758248FC20BBFEB700138B6E /* GooTableViewCell.xib */; };
/* End PBXBuildFile section */

/* Begin PBXFileReference section */
		758248D820BBF46400138B6E /* GooDemo.app */ = {isa = PBXFileReference; explicitFileType = wrapper.application; includeInIndex = 0; path = GooDemo.app; sourceTree = BUILT_PRODUCTS_DIR; };
		758248DB20BBF46400138B6E /* AppDelegate.h */ = {isa = PBXFileReference; lastKnownFileType = sourcecode.c.h; path = AppDelegate.h; sourceTree = "<group>"; };
		758248DC20BBF46400138B6E /* AppDelegate.m */ = {isa = PBXFileReference; lastKnownFileType = sourcecode.c.objc; path = AppDelegate.m; sourceTree = "<group>"; };
		758248E220BBF46400138B6E /* Base */ = {isa = PBXFileReference; lastKnownFileType = file.storyboard; name = Base; path = Base.lproj/Main.storyboard; sourceTree = "<group>"; };
		758248E420BBF46400138B6E /* Assets.xcassets */ = {isa = PBXFileReference; lastKnownFileType = folder.assetcatalog; path = Assets.xcassets; sourceTree = "<group>"; };
		758248E720BBF46400138B6E /* Base */ = {isa = PBXFileReference; lastKnownFileType = file.storyboard; name = Base; path = Base.lproj/LaunchScreen.storyboard; sourceTree = "<group>"; };
		758248E920BBF46400138B6E /* Info.plist */ = {isa = PBXFileReference; lastKnownFileType = text.plist.xml; path = Info.plist; sourceTree = "<group>"; };
		758248EA20BBF46400138B6E /* main.m */ = {isa = PBXFileReference; lastKnownFileType = sourcecode.c.objc; path = main.m; sourceTree = "<group>"; };
		758248F120BBF64B00138B6E /* TableViewController.h */ = {isa = PBXFileReference; lastKnownFileType = sourcecode.c.h; path = TableViewController.h; sourceTree = "<group>"; };
		758248F220BBF64B00138B6E /* TableViewController.m */ = {isa = PBXFileReference; lastKnownFileType = sourcecode.c.objc; path = TableViewController.m; sourceTree = "<group>"; };
		758248F420BBF72D00138B6E /* GooView.h */ = {isa = PBXFileReference; lastKnownFileType = sourcecode.c.h; path = GooView.h; sourceTree = "<group>"; };
		758248F520BBF72D00138B6E /* GooView.m */ = {isa = PBXFileReference; lastKnownFileType = sourcecode.c.objc; path = GooView.m; sourceTree = "<group>"; };
		758248FA20BBFEB700138B6E /* GooTableViewCell.h */ = {isa = PBXFileReference; lastKnownFileType = sourcecode.c.h; path = GooTableViewCell.h; sourceTree = "<group>"; };
		758248FB20BBFEB700138B6E /* GooTableViewCell.m */ = {isa = PBXFileReference; lastKnownFileType = sourcecode.c.objc; path = GooTableViewCell.m; sourceTree = "<group>"; };
		758248FC20BBFEB700138B6E /* GooTableViewCell.xib */ = {isa = PBXFileReference; lastKnownFileType = file.xib; path = GooTableViewCell.xib; sourceTree = "<group>"; };
/* End PBXFileReference section */

/* Begin PBXFrameworksBuildPhase section */
		758248D520BBF46400138B6E /* Frameworks */ = {
			isa = PBXFrameworksBuildPhase;
			buildActionMask = 2147483647;
			files = (
			);
			runOnlyForDeploymentPostprocessing = 0;
		};
/* End PBXFrameworksBuildPhase section */

/* Begin PBXGroup section */
		758248CF20BBF46400138B6E = {
			isa = PBXGroup;
			children = (
				758248DA20BBF46400138B6E /* GooDemo */,
				758248D920BBF46400138B6E /* Products */,
			);
			sourceTree = "<group>";
		};
		758248D920BBF46400138B6E /* Products */ = {
			isa = PBXGroup;
			children = (
				758248D820BBF46400138B6E /* GooDemo.app */,
			);
			name = Products;
			sourceTree = "<group>";
		};
		758248DA20BBF46400138B6E /* GooDemo */ = {
			isa = PBXGroup;
			children = (
				758248DB20BBF46400138B6E /* AppDelegate.h */,
				758248DC20BBF46400138B6E /* AppDelegate.m */,
				758248F120BBF64B00138B6E /* TableViewController.h */,
				758248F220BBF64B00138B6E /* TableViewController.m */,
				758248F420BBF72D00138B6E /* GooView.h */,
				758248F520BBF72D00138B6E /* GooView.m */,
				758248FA20BBFEB700138B6E /* GooTableViewCell.h */,
				758248FB20BBFEB700138B6E /* GooTableViewCell.m */,
				758248FC20BBFEB700138B6E /* GooTableViewCell.xib */,
				758248E120BBF46400138B6E /* Main.storyboard */,
				758248E420BBF46400138B6E /* Assets.xcassets */,
				758248E620BBF46400138B6E /* LaunchScreen.storyboard */,
				758248E920BBF46400138B6E /* Info.plist */,
				758248EA20BBF46400138B6E /* main.m */,
			);
			path = GooDemo;
			sourceTree = "<group>";
		};
/* End PBXGroup section */

/* Begin PBXNativeTarget section */
		758248D720BBF46400138B6E /* GooDemo */ = {
			isa = PBXNativeTarget;
			buildConfigurationList = 758248EE20BBF46400138B6E /* Build configuration list for PBXNativeTarget "GooDemo" */;
			buildPhases = (
				758248D420BBF46400138B6E /* Sources */,
				758248D520BBF46400138B6E /* Frameworks */,
				758248D620BBF46400138B6E /* Resources */,
			);
			buildRules = (
			);
			dependencies = (
			);
			name = GooDemo;
			productName = GooDemo;
			productReference = 758248D820BBF46400138B6E /* GooDemo.app */;
			productType = "com.apple.product-type.application";
		};
/* End PBXNativeTarget section */

/* Begin PBXProject section */
		758248D020BBF46400138B6E /* Project object */ = {
			isa = PBXProject;
			attributes = {
				LastUpgradeCheck = 0920;
				ORGANIZATIONNAME = futureversion;
				TargetAttributes = {
					758248D720BBF46400138B6E = {
						CreatedOnToolsVersion = 9.2;
						ProvisioningStyle = Automatic;
					};
				};
			};
			buildConfigurationList = 758248D320BBF46400138B6E /* Build configuration list for PBXProject "GooDemo" */;
			compatibilityVersion = "Xcode 8.0";
			developmentRegion = en;
			hasScannedForEncodings = 0;
			knownRegions = (
				en,
				Base,
			);
			mainGroup = 758248CF20BBF46400138B6E;
			productRefGroup = 758248D920BBF46400138B6E /* Products */;
			projectDirPath = "";
			projectRoot = "";
			targets = (
				758248D720BBF46400138B6E /* GooDemo */,
			);
		};
/* End PBXProject section */

/* Begin PBXResourcesBuildPhase section */
		758248D620BBF46400138B6E /* Resources */ = {
			isa = PBXResourcesBuildPhase;
			buildActionMask = 2147483647;
			files = (
				758248E820BBF46400138B6E /* LaunchScreen.storyboard in Resources */,
				758248FE20BBFEB700138B6E /* GooTableViewCell.xib in Resources */,
				758248E520BBF46400138B6E /* Assets.xcassets in Resources */,
				758248E320BBF46400138B6E /* Main.storyboard in Resources */,
			);
			runOnlyForDeploymentPostprocessing = 0;
		};
/* End PBXResourcesBuildPhase section */

/* Begin PBXSourcesBuildPhase section */
		758248D420BBF46400138B6E /* Sources */ = {
			isa = PBXSourcesBuildPhase;
			buildActionMask = 2147483647;
			files = (
				758248F620BBF72D00138B6E /* GooView.m in Sources */,
				758248FD20BBFEB700138B6E /* GooTableViewCell.m in Sources */,
				758248EB20BBF46400138B6E /* main.m in Sources */,
				758248F320BBF64B00138B6E /* TableViewController.m in Sources */,
				758248DD20BBF46400138B6E /* AppDelegate.m in Sources */,
			);
			runOnlyForDeploymentPostprocessing = 0;
		};
/* End PBXSourcesBuildPhase section */

/* Begin PBXVariantGroup section */
		758248E120BBF46400138B6E /* Main.storyboard */ = {
			isa = PBXVariantGroup;
			children = (
				758248E220BBF46400138B6E /* Base */,
			);
			name = Main.storyboard;
			sourceTree = "<group>";
		};
		758248E620BBF46400138B6E /* LaunchScreen.storyboard */ = {
			isa = PBXVariantGroup;
			children = (
				758248E720BBF46400138B6E /* Base */,
			);
			name = LaunchScreen.storyboard;
			sourceTree = "<group>";
		};
/* End PBXVariantGroup section */

/* Begin XCBuildConfiguration section */
		758248EC20BBF46400138B6E /* Debug */ = {
			isa = XCBuildConfiguration;
			buildSettings = {
				ALWAYS_SEARCH_USER_PATHS = NO;
				CLANG_ANALYZER_NONNULL = YES;
				CLANG_ANALYZER_NUMBER_OBJECT_CONVERSION = YES_AGGRESSIVE;
				CLANG_CXX_LANGUAGE_STANDARD = "gnu++14";
				CLANG_CXX_LIBRARY = "libc++";
				CLANG_ENABLE_MODULES = YES;
				CLANG_ENABLE_OBJC_ARC = YES;
				CLANG_WARN_BLOCK_CAPTURE_AUTORELEASING = YES;
				CLANG_WARN_BOOL_CONVERSION = YES;
				CLANG_WARN_COMMA = YES;
				CLANG_WARN_CONSTANT_CONVERSION = YES;
				CLANG_WARN_DIRECT_OBJC_ISA_USAGE = YES_ERROR;
				CLANG_WARN_DOCUMENTATION_COMMENTS = YES;
				CLANG_WARN_EMPTY_BODY = YES;
				CLANG_WARN_ENUM_CONVERSION = YES;
				CLANG_WARN_INFINITE_RECURSION = YES;
				CLANG_WARN_INT_CONVERSION = YES;
				CLANG_WARN_NON_LITERAL_NULL_CONVERSION = YES;
				CLANG_WARN_OBJC_LITERAL_CONVERSION = YES;
				CLANG_WARN_OBJC_ROOT_CLASS = YES_ERROR;
				CLANG_WARN_RANGE_LOOP_ANALYSIS = YES;
				CLANG_WARN_STRICT_PROTOTYPES = YES;
				CLANG_WARN_SUSPICIOUS_MOVE = YES;
				CLANG_WARN_UNGUARDED_AVAILABILITY = YES_AGGRESSIVE;
				CLANG_WARN_UNREACHABLE_CODE = YES;
				CLANG_WARN__DUPLICATE_METHOD_MATCH = YES;
				CODE_SIGN_IDENTITY = "iPhone Developer";
				COPY_PHASE_STRIP = NO;
				DEBUG_INFORMATION_FORMAT = dwarf;
				ENABLE_STRICT_OBJC_MSGSEND = YES;
				ENABLE_TESTABILITY = YES;
				GCC_C_LANGUAGE_STANDARD = gnu11;
				GCC_DYNAMIC_NO_PIC = NO;
				GCC_NO_COMMON_BLOCKS = YES;
				GCC_OPTIMIZATION_LEVEL = 0;
				GCC_PREPROCESSOR_DEFINITIONS = (
					"DEBUG=1",
					"$(inherited)",
				);
				GCC_WARN_64_TO_32_BIT_CONVERSION = YES;
				GCC_WARN_ABOUT_RETURN_TYPE = YES_ERROR;
				GCC_WARN_UNDECLARED_SELECTOR = YES;
				GCC_WARN_UNINITIALIZED_AUTOS = YES_AGGRESSIVE;
				GCC_WARN_UNUSED_FUNCTION = YES;
				GCC_WARN_UNUSED_VARIABLE = YES;
				IPHONEOS_DEPLOYMENT_TARGET = 11.2;
				MTL_ENABLE_DEBUG_INFO = YES;
				ONLY_ACTIVE_ARCH = YES;
				SDKROOT = iphoneos;
			};
			name = Debug;
		};
		758248ED20BBF46400138B6E /* Release */ = {
			isa = XCBuildConfiguration;
			buildSettings = {
				ALWAYS_SEARCH_USER_PATHS = NO;
				CLANG_ANALYZER_NONNULL = YES;
				CLANG_ANALYZER_NUMBER_OBJECT_CONVERSION = YES_AGGRESSIVE;
				CLANG_CXX_LANGUAGE_STANDARD = "gnu++14";
				CLANG_CXX_LIBRARY = "libc++";
				CLANG_ENABLE_MODULES = YES;
				CLANG_ENABLE_OBJC_ARC = YES;
				CLANG_WARN_BLOCK_CAPTURE_AUTORELEASING = YES;
				CLANG_WARN_BOOL_CONVERSION = YES;
				CLANG_WARN_COMMA = YES;
				CLANG_WARN_CONSTANT_CONVERSION = YES;
				CLANG_WARN_DIRECT_OBJC_ISA_USAGE = YES_ERROR;
				CLANG_WARN_DOCUMENTATION_COMMENTS = YES;
				CLANG_WARN_EMPTY_BODY = YES;
				CLANG_WARN_ENUM_CONVERSION = YES;
				CLANG_WARN_INFINITE_RECURSION = YES;
				CLANG_WARN_INT_CONVERSION = YES;
				CLANG_WARN_NON_LITERAL_NULL_CONVERSION = YES;
				CLANG_WARN_OBJC_LITERAL_CONVERSION = YES;
				CLANG_WARN_OBJC_ROOT_CLASS = YES_ERROR;
				CLANG_WARN_RANGE_LOOP_ANALYSIS = YES;
				CLANG_WARN_STRICT_PROTOTYPES = YES;
				CLANG_WARN_SUSPICIOUS_MOVE = YES;
				CLANG_WARN_UNGUARDED_AVAILABILITY = YES_AGGRESSIVE;
				CLANG_WARN_UNREACHABLE_CODE = YES;
				CLANG_WARN__DUPLICATE_METHOD_MATCH = YES;
				CODE_SIGN_IDENTITY = "iPhone Developer";
				COPY_PHASE_STRIP = NO;
				DEBUG_INFORMATION_FORMAT = "dwarf-with-dsym";
				ENABLE_NS_ASSERTIONS = NO;
				ENABLE_STRICT_OBJC_MSGSEND = YES;
				GCC_C_LANGUAGE_STANDARD = gnu11;
				GCC_NO_COMMON_BLOCKS = YES;
				GCC_WARN_64_TO_32_BIT_CONVERSION = YES;
				GCC_WARN_ABOUT_RETURN_TYPE = YES_ERROR;
				GCC_WARN_UNDECLARED_SELECTOR = YES;
				GCC_WARN_UNINITIALIZED_AUTOS = YES_AGGRESSIVE;
				GCC_WARN_UNUSED_FUNCTION = YES;
				GCC_WARN_UNUSED_VARIABLE = YES;
				IPHONEOS_DEPLOYMENT_TARGET = 11.2;
				MTL_ENABLE_DEBUG_INFO = NO;
				SDKROOT = iphoneos;
				VALIDATE_PRODUCT = YES;
			};
			name = Release;
		};
		758248EF20BBF46400138B6E /* Debug */ = {
			isa = XCBuildConfiguration;
			buildSettings = {
				ASSETCATALOG_COMPILER_APPICON_NAME = AppIcon;
				CODE_SIGN_STYLE = Automatic;
				DEVELOPMENT_TEAM = CZD89388LH;
				INFOPLIST_FILE = GooDemo/Info.plist;
				LD_RUNPATH_SEARCH_PATHS = "$(inherited) @executable_path/Frameworks";
				PRODUCT_BUNDLE_IDENTIFIER = com.futureversion.imagespliter.GooDemo;
				PRODUCT_NAME = "$(TARGET_NAME)";
				TARGETED_DEVICE_FAMILY = "1,2";
			};
			name = Debug;
		};
		758248F020BBF46400138B6E /* Release */ = {
			isa = XCBuildConfiguration;
			buildSettings = {
				ASSETCATALOG_COMPILER_APPICON_NAME = AppIcon;
				CODE_SIGN_STYLE = Automatic;
				DEVELOPMENT_TEAM = CZD89388LH;
				INFOPLIST_FILE = GooDemo/Info.plist;
				LD_RUNPATH_SEARCH_PATHS = "$(inherited) @executable_path/Frameworks";
				PRODUCT_BUNDLE_IDENTIFIER = com.futureversion.imagespliter.GooDemo;
				PRODUCT_NAME = "$(TARGET_NAME)";
				TARGETED_DEVICE_FAMILY = "1,2";
			};
			name = Release;
		};
/* End XCBuildConfiguration section */

/* Begin XCConfigurationList section */
		758248D320BBF46400138B6E /* Build configuration list for PBXProject "GooDemo" */ = {
			isa = XCConfigurationList;
			buildConfigurations = (
				758248EC20BBF46400138B6E /* Debug */,
				758248ED20BBF46400138B6E /* Release */,
			);
			defaultConfigurationIsVisible = 0;
			defaultConfigurationName = Release;
		};
		758248EE20BBF46400138B6E /* Build configuration list for PBXNativeTarget "GooDemo" */ = {
			isa = XCConfigurationList;
			buildConfigurations = (
				758248EF20BBF46400138B6E /* Debug */,
				758248F020BBF46400138B6E /* Release */,
			);
			defaultConfigurationIsVisible = 0;
			defaultConfigurationName = Release;
		};
/* End XCConfigurationList section */
	};
	rootObject = 758248D020BBF46400138B6E /* Project object */;
}
